// !$*UTF8*$!
{
	archiveVersion = 1;
	classes = {
	};
	objectVersion = 56;
	objects = {

/* Begin PBXBuildFile section */
		0E36058C2BAEE90600C1F658 /* CheckoutView.swift in Sources */ = {isa = PBXBuildFile; fileRef = 0E36058B2BAEE90600C1F658 /* CheckoutView.swift */; };
		0E439E162BAEA4F700C69A0C /* CartView.swift in Sources */ = {isa = PBXBuildFile; fileRef = 0E439E152BAEA4F700C69A0C /* CartView.swift */; };
		0E6A10612BAE8A81001B092F /* ProductView.swift in Sources */ = {isa = PBXBuildFile; fileRef = 0E6A10602BAE8A81001B092F /* ProductView.swift */; };
		0E88A7A42BA69B11005E7D18 /* HomeView.swift in Sources */ = {isa = PBXBuildFile; fileRef = 0E88A7A32BA69B11005E7D18 /* HomeView.swift */; };
		0E88A7A62BA6D6ED005E7D18 /* NavigationBarView.swift in Sources */ = {isa = PBXBuildFile; fileRef = 0E88A7A52BA6D6ED005E7D18 /* NavigationBarView.swift */; };
		0E88A7A82BA6F397005E7D18 /* ProfileView.swift in Sources */ = {isa = PBXBuildFile; fileRef = 0E88A7A72BA6F397005E7D18 /* ProfileView.swift */; };
		0ED157872BA54ABB00781B07 /* TrendSpotterApp.swift in Sources */ = {isa = PBXBuildFile; fileRef = 0ED157862BA54ABB00781B07 /* TrendSpotterApp.swift */; };
		0ED157892BA54ABB00781B07 /* ContentView.swift in Sources */ = {isa = PBXBuildFile; fileRef = 0ED157882BA54ABB00781B07 /* ContentView.swift */; };
		0ED1578B2BA54ABD00781B07 /* Assets.xcassets in Resources */ = {isa = PBXBuildFile; fileRef = 0ED1578A2BA54ABD00781B07 /* Assets.xcassets */; };
		0ED1578E2BA54ABD00781B07 /* Preview Assets.xcassets in Resources */ = {isa = PBXBuildFile; fileRef = 0ED1578D2BA54ABD00781B07 /* Preview Assets.xcassets */; };
		0ED157962BA550E400781B07 /* LoginView.swift in Sources */ = {isa = PBXBuildFile; fileRef = 0ED157952BA550E400781B07 /* LoginView.swift */; };
		0ED1579A2BA557EF00781B07 /* LoginViewModel.swift in Sources */ = {isa = PBXBuildFile; fileRef = 0ED157992BA557EF00781B07 /* LoginViewModel.swift */; };
		25C90B082BB6EC48009007C8 /* ProductDetailsView.swift in Sources */ = {isa = PBXBuildFile; fileRef = 25C90B072BB6EC48009007C8 /* ProductDetailsView.swift */; };
		25C90B0A2BB704E8009007C8 /* SignupView.swift in Sources */ = {isa = PBXBuildFile; fileRef = 25C90B092BB704E8009007C8 /* SignupView.swift */; };
/* End PBXBuildFile section */

/* Begin PBXFileReference section */
		0E36058B2BAEE90600C1F658 /* CheckoutView.swift */ = {isa = PBXFileReference; lastKnownFileType = sourcecode.swift; path = CheckoutView.swift; sourceTree = "<group>"; };
		0E439E152BAEA4F700C69A0C /* CartView.swift */ = {isa = PBXFileReference; lastKnownFileType = sourcecode.swift; path = CartView.swift; sourceTree = "<group>"; };
		0E6A10602BAE8A81001B092F /* ProductView.swift */ = {isa = PBXFileReference; lastKnownFileType = sourcecode.swift; path = ProductView.swift; sourceTree = "<group>"; };
		0E88A7A32BA69B11005E7D18 /* HomeView.swift */ = {isa = PBXFileReference; lastKnownFileType = sourcecode.swift; path = HomeView.swift; sourceTree = "<group>"; };
		0E88A7A52BA6D6ED005E7D18 /* NavigationBarView.swift */ = {isa = PBXFileReference; lastKnownFileType = sourcecode.swift; path = NavigationBarView.swift; sourceTree = "<group>"; };
		0E88A7A72BA6F397005E7D18 /* ProfileView.swift */ = {isa = PBXFileReference; lastKnownFileType = sourcecode.swift; path = ProfileView.swift; sourceTree = "<group>"; };
		0ED157832BA54ABB00781B07 /* TrendSpotter.app */ = {isa = PBXFileReference; explicitFileType = wrapper.application; includeInIndex = 0; path = TrendSpotter.app; sourceTree = BUILT_PRODUCTS_DIR; };
		0ED157862BA54ABB00781B07 /* TrendSpotterApp.swift */ = {isa = PBXFileReference; lastKnownFileType = sourcecode.swift; path = TrendSpotterApp.swift; sourceTree = "<group>"; };
		0ED157882BA54ABB00781B07 /* ContentView.swift */ = {isa = PBXFileReference; lastKnownFileType = sourcecode.swift; path = ContentView.swift; sourceTree = "<group>"; };
		0ED1578A2BA54ABD00781B07 /* Assets.xcassets */ = {isa = PBXFileReference; lastKnownFileType = folder.assetcatalog; path = Assets.xcassets; sourceTree = "<group>"; };
		0ED1578D2BA54ABD00781B07 /* Preview Assets.xcassets */ = {isa = PBXFileReference; lastKnownFileType = folder.assetcatalog; path = "Preview Assets.xcassets"; sourceTree = "<group>"; };
		0ED157952BA550E400781B07 /* LoginView.swift */ = {isa = PBXFileReference; lastKnownFileType = sourcecode.swift; path = LoginView.swift; sourceTree = "<group>"; };
		0ED157992BA557EF00781B07 /* LoginViewModel.swift */ = {isa = PBXFileReference; lastKnownFileType = sourcecode.swift; path = LoginViewModel.swift; sourceTree = "<group>"; };
		25C90B072BB6EC48009007C8 /* ProductDetailsView.swift */ = {isa = PBXFileReference; lastKnownFileType = sourcecode.swift; path = ProductDetailsView.swift; sourceTree = "<group>"; };
		25C90B092BB704E8009007C8 /* SignupView.swift */ = {isa = PBXFileReference; lastKnownFileType = sourcecode.swift; path = SignupView.swift; sourceTree = "<group>"; };
/* End PBXFileReference section */

/* Begin PBXFrameworksBuildPhase section */
		0ED157802BA54ABB00781B07 /* Frameworks */ = {
			isa = PBXFrameworksBuildPhase;
			buildActionMask = 2147483647;
			files = (
			);
			runOnlyForDeploymentPostprocessing = 0;
		};
/* End PBXFrameworksBuildPhase section */

/* Begin PBXGroup section */
		0ED1577A2BA54ABB00781B07 = {
			isa = PBXGroup;
			children = (
				0ED157852BA54ABB00781B07 /* TrendSpotter */,
				0ED157842BA54ABB00781B07 /* Products */,
			);
			sourceTree = "<group>";
		};
		0ED157842BA54ABB00781B07 /* Products */ = {
			isa = PBXGroup;
			children = (
				0ED157832BA54ABB00781B07 /* TrendSpotter.app */,
			);
			name = Products;
			sourceTree = "<group>";
		};
		0ED157852BA54ABB00781B07 /* TrendSpotter */ = {
			isa = PBXGroup;
			children = (
				0ED157982BA552D100781B07 /* Model */,
				0ED157972BA551C300781B07 /* ViewModel */,
				0ED157942BA550B800781B07 /* Views */,
				0ED157862BA54ABB00781B07 /* TrendSpotterApp.swift */,
				0ED157882BA54ABB00781B07 /* ContentView.swift */,
				0ED1578A2BA54ABD00781B07 /* Assets.xcassets */,
				0ED1578C2BA54ABD00781B07 /* Preview Content */,
			);
			path = TrendSpotter;
			sourceTree = "<group>";
		};
		0ED1578C2BA54ABD00781B07 /* Preview Content */ = {
			isa = PBXGroup;
			children = (
				0ED1578D2BA54ABD00781B07 /* Preview Assets.xcassets */,
			);
			path = "Preview Content";
			sourceTree = "<group>";
		};
		0ED157942BA550B800781B07 /* Views */ = {
			isa = PBXGroup;
			children = (
				0ED157952BA550E400781B07 /* LoginView.swift */,
				0E88A7A32BA69B11005E7D18 /* HomeView.swift */,
				0E88A7A52BA6D6ED005E7D18 /* NavigationBarView.swift */,
				0E88A7A72BA6F397005E7D18 /* ProfileView.swift */,
				0E6A10602BAE8A81001B092F /* ProductView.swift */,
				0E439E152BAEA4F700C69A0C /* CartView.swift */,
				0E36058B2BAEE90600C1F658 /* CheckoutView.swift */,
				25C90B072BB6EC48009007C8 /* ProductDetailsView.swift */,
				25C90B092BB704E8009007C8 /* SignupView.swift */,
			);
			path = Views;
			sourceTree = "<group>";
		};
		0ED157972BA551C300781B07 /* ViewModel */ = {
			isa = PBXGroup;
			children = (
				0ED157992BA557EF00781B07 /* LoginViewModel.swift */,
			);
			path = ViewModel;
			sourceTree = "<group>";
		};
		0ED157982BA552D100781B07 /* Model */ = {
			isa = PBXGroup;
			children = (
			);
			path = Model;
			sourceTree = "<group>";
		};
/* End PBXGroup section */

/* Begin PBXNativeTarget section */
		0ED157822BA54ABB00781B07 /* TrendSpotter */ = {
			isa = PBXNativeTarget;
			buildConfigurationList = 0ED157912BA54ABD00781B07 /* Build configuration list for PBXNativeTarget "TrendSpotter" */;
			buildPhases = (
				0ED1577F2BA54ABB00781B07 /* Sources */,
				0ED157802BA54ABB00781B07 /* Frameworks */,
				0ED157812BA54ABB00781B07 /* Resources */,
			);
			buildRules = (
			);
			dependencies = (
			);
			name = TrendSpotter;
			packageProductDependencies = (
			);
			productName = TrendSpotter;
			productReference = 0ED157832BA54ABB00781B07 /* TrendSpotter.app */;
			productType = "com.apple.product-type.application";
		};
/* End PBXNativeTarget section */

/* Begin PBXProject section */
		0ED1577B2BA54ABB00781B07 /* Project object */ = {
			isa = PBXProject;
			attributes = {
				BuildIndependentTargetsInParallel = 1;
				LastSwiftUpdateCheck = 1520;
				LastUpgradeCheck = 1520;
				TargetAttributes = {
					0ED157822BA54ABB00781B07 = {
						CreatedOnToolsVersion = 15.2;
					};
				};
			};
			buildConfigurationList = 0ED1577E2BA54ABB00781B07 /* Build configuration list for PBXProject "TrendSpotter" */;
			compatibilityVersion = "Xcode 14.0";
			developmentRegion = en;
			hasScannedForEncodings = 0;
			knownRegions = (
				en,
				Base,
			);
			mainGroup = 0ED1577A2BA54ABB00781B07;
			packageReferences = (
			);
			productRefGroup = 0ED157842BA54ABB00781B07 /* Products */;
			projectDirPath = "";
			projectRoot = "";
			targets = (
				0ED157822BA54ABB00781B07 /* TrendSpotter */,
			);
		};
/* End PBXProject section */

/* Begin PBXResourcesBuildPhase section */
		0ED157812BA54ABB00781B07 /* Resources */ = {
			isa = PBXResourcesBuildPhase;
			buildActionMask = 2147483647;
			files = (
				0ED1578E2BA54ABD00781B07 /* Preview Assets.xcassets in Resources */,
				0ED1578B2BA54ABD00781B07 /* Assets.xcassets in Resources */,
			);
			runOnlyForDeploymentPostprocessing = 0;
		};
/* End PBXResourcesBuildPhase section */

/* Begin PBXSourcesBuildPhase section */
		0ED1577F2BA54ABB00781B07 /* Sources */ = {
			isa = PBXSourcesBuildPhase;
			buildActionMask = 2147483647;
			files = (
				25C90B0A2BB704E8009007C8 /* SignupView.swift in Sources */,
				0E439E162BAEA4F700C69A0C /* CartView.swift in Sources */,
				0E6A10612BAE8A81001B092F /* ProductView.swift in Sources */,
				0E36058C2BAEE90600C1F658 /* CheckoutView.swift in Sources */,
				0ED1579A2BA557EF00781B07 /* LoginViewModel.swift in Sources */,
				0ED157962BA550E400781B07 /* LoginView.swift in Sources */,
				0E88A7A62BA6D6ED005E7D18 /* NavigationBarView.swift in Sources */,
				25C90B082BB6EC48009007C8 /* ProductDetailsView.swift in Sources */,
				0ED157892BA54ABB00781B07 /* ContentView.swift in Sources */,
				0E88A7A42BA69B11005E7D18 /* HomeView.swift in Sources */,
				0E88A7A82BA6F397005E7D18 /* ProfileView.swift in Sources */,
				0ED157872BA54ABB00781B07 /* TrendSpotterApp.swift in Sources */,
			);
			runOnlyForDeploymentPostprocessing = 0;
		};
/* End PBXSourcesBuildPhase section */

/* Begin XCBuildConfiguration section */
		0ED1578F2BA54ABD00781B07 /* Debug */ = {
			isa = XCBuildConfiguration;
			buildSettings = {
				ALWAYS_SEARCH_USER_PATHS = NO;
				ASSETCATALOG_COMPILER_GENERATE_SWIFT_ASSET_SYMBOL_EXTENSIONS = YES;
				CLANG_ANALYZER_NONNULL = YES;
				CLANG_ANALYZER_NUMBER_OBJECT_CONVERSION = YES_AGGRESSIVE;
				CLANG_CXX_LANGUAGE_STANDARD = "gnu++20";
				CLANG_ENABLE_MODULES = YES;
				CLANG_ENABLE_OBJC_ARC = YES;
				CLANG_ENABLE_OBJC_WEAK = YES;
				CLANG_WARN_BLOCK_CAPTURE_AUTORELEASING = YES;
				CLANG_WARN_BOOL_CONVERSION = YES;
				CLANG_WARN_COMMA = YES;
				CLANG_WARN_CONSTANT_CONVERSION = YES;
				CLANG_WARN_DEPRECATED_OBJC_IMPLEMENTATIONS = YES;
				CLANG_WARN_DIRECT_OBJC_ISA_USAGE = YES_ERROR;
				CLANG_WARN_DOCUMENTATION_COMMENTS = YES;
				CLANG_WARN_EMPTY_BODY = YES;
				CLANG_WARN_ENUM_CONVERSION = YES;
				CLANG_WARN_INFINITE_RECURSION = YES;
				CLANG_WARN_INT_CONVERSION = YES;
				CLANG_WARN_NON_LITERAL_NULL_CONVERSION = YES;
				CLANG_WARN_OBJC_IMPLICIT_RETAIN_SELF = YES;
				CLANG_WARN_OBJC_LITERAL_CONVERSION = YES;
				CLANG_WARN_OBJC_ROOT_CLASS = YES_ERROR;
				CLANG_WARN_QUOTED_INCLUDE_IN_FRAMEWORK_HEADER = YES;
				CLANG_WARN_RANGE_LOOP_ANALYSIS = YES;
				CLANG_WARN_STRICT_PROTOTYPES = YES;
				CLANG_WARN_SUSPICIOUS_MOVE = YES;
				CLANG_WARN_UNGUARDED_AVAILABILITY = YES_AGGRESSIVE;
				CLANG_WARN_UNREACHABLE_CODE = YES;
				CLANG_WARN__DUPLICATE_METHOD_MATCH = YES;
				COPY_PHASE_STRIP = NO;
				DEBUG_INFORMATION_FORMAT = dwarf;
				ENABLE_STRICT_OBJC_MSGSEND = YES;
				ENABLE_TESTABILITY = YES;
				ENABLE_USER_SCRIPT_SANDBOXING = YES;
				GCC_C_LANGUAGE_STANDARD = gnu17;
				GCC_DYNAMIC_NO_PIC = NO;
				GCC_NO_COMMON_BLOCKS = YES;
				GCC_OPTIMIZATION_LEVEL = 0;
				GCC_PREPROCESSOR_DEFINITIONS = (
					"DEBUG=1",
					"$(inherited)",
				);
				GCC_WARN_64_TO_32_BIT_CONVERSION = YES;
				GCC_WARN_ABOUT_RETURN_TYPE = YES_ERROR;
				GCC_WARN_UNDECLARED_SELECTOR = YES;
				GCC_WARN_UNINITIALIZED_AUTOS = YES_AGGRESSIVE;
				GCC_WARN_UNUSED_FUNCTION = YES;
				GCC_WARN_UNUSED_VARIABLE = YES;
				IPHONEOS_DEPLOYMENT_TARGET = 17.2;
				LOCALIZATION_PREFERS_STRING_CATALOGS = YES;
				MTL_ENABLE_DEBUG_INFO = INCLUDE_SOURCE;
				MTL_FAST_MATH = YES;
				ONLY_ACTIVE_ARCH = YES;
				SDKROOT = iphoneos;
				SWIFT_ACTIVE_COMPILATION_CONDITIONS = "DEBUG $(inherited)";
				SWIFT_OPTIMIZATION_LEVEL = "-Onone";
			};
			name = Debug;
		};
		0ED157902BA54ABD00781B07 /* Release */ = {
			isa = XCBuildConfiguration;
			buildSettings = {
				ALWAYS_SEARCH_USER_PATHS = NO;
				ASSETCATALOG_COMPILER_GENERATE_SWIFT_ASSET_SYMBOL_EXTENSIONS = YES;
				CLANG_ANALYZER_NONNULL = YES;
				CLANG_ANALYZER_NUMBER_OBJECT_CONVERSION = YES_AGGRESSIVE;
				CLANG_CXX_LANGUAGE_STANDARD = "gnu++20";
				CLANG_ENABLE_MODULES = YES;
				CLANG_ENABLE_OBJC_ARC = YES;
				CLANG_ENABLE_OBJC_WEAK = YES;
				CLANG_WARN_BLOCK_CAPTURE_AUTORELEASING = YES;
				CLANG_WARN_BOOL_CONVERSION = YES;
				CLANG_WARN_COMMA = YES;
				CLANG_WARN_CONSTANT_CONVERSION = YES;
				CLANG_WARN_DEPRECATED_OBJC_IMPLEMENTATIONS = YES;
				CLANG_WARN_DIRECT_OBJC_ISA_USAGE = YES_ERROR;
				CLANG_WARN_DOCUMENTATION_COMMENTS = YES;
				CLANG_WARN_EMPTY_BODY = YES;
				CLANG_WARN_ENUM_CONVERSION = YES;
				CLANG_WARN_INFINITE_RECURSION = YES;
				CLANG_WARN_INT_CONVERSION = YES;
				CLANG_WARN_NON_LITERAL_NULL_CONVERSION = YES;
				CLANG_WARN_OBJC_IMPLICIT_RETAIN_SELF = YES;
				CLANG_WARN_OBJC_LITERAL_CONVERSION = YES;
				CLANG_WARN_OBJC_ROOT_CLASS = YES_ERROR;
				CLANG_WARN_QUOTED_INCLUDE_IN_FRAMEWORK_HEADER = YES;
				CLANG_WARN_RANGE_LOOP_ANALYSIS = YES;
				CLANG_WARN_STRICT_PROTOTYPES = YES;
				CLANG_WARN_SUSPICIOUS_MOVE = YES;
				CLANG_WARN_UNGUARDED_AVAILABILITY = YES_AGGRESSIVE;
				CLANG_WARN_UNREACHABLE_CODE = YES;
				CLANG_WARN__DUPLICATE_METHOD_MATCH = YES;
				COPY_PHASE_STRIP = NO;
				DEBUG_INFORMATION_FORMAT = "dwarf-with-dsym";
				ENABLE_NS_ASSERTIONS = NO;
				ENABLE_STRICT_OBJC_MSGSEND = YES;
				ENABLE_USER_SCRIPT_SANDBOXING = YES;
				GCC_C_LANGUAGE_STANDARD = gnu17;
				GCC_NO_COMMON_BLOCKS = YES;
				GCC_WARN_64_TO_32_BIT_CONVERSION = YES;
				GCC_WARN_ABOUT_RETURN_TYPE = YES_ERROR;
				GCC_WARN_UNDECLARED_SELECTOR = YES;
				GCC_WARN_UNINITIALIZED_AUTOS = YES_AGGRESSIVE;
				GCC_WARN_UNUSED_FUNCTION = YES;
				GCC_WARN_UNUSED_VARIABLE = YES;
				IPHONEOS_DEPLOYMENT_TARGET = 17.2;
				LOCALIZATION_PREFERS_STRING_CATALOGS = YES;
				MTL_ENABLE_DEBUG_INFO = NO;
				MTL_FAST_MATH = YES;
				SDKROOT = iphoneos;
				SWIFT_COMPILATION_MODE = wholemodule;
				VALIDATE_PRODUCT = YES;
			};
			name = Release;
		};
		0ED157922BA54ABD00781B07 /* Debug */ = {
			isa = XCBuildConfiguration;
			buildSettings = {
				ASSETCATALOG_COMPILER_APPICON_NAME = AppIcon;
				ASSETCATALOG_COMPILER_GLOBAL_ACCENT_COLOR_NAME = AccentColor;
				CODE_SIGN_STYLE = Automatic;
				CURRENT_PROJECT_VERSION = 1;
				DEVELOPMENT_ASSET_PATHS = "\"TrendSpotter/Preview Content\"";
				ENABLE_PREVIEWS = YES;
				GENERATE_INFOPLIST_FILE = YES;
				INFOPLIST_KEY_UIApplicationSceneManifest_Generation = YES;
				INFOPLIST_KEY_UIApplicationSupportsIndirectInputEvents = YES;
				INFOPLIST_KEY_UILaunchScreen_Generation = YES;
				INFOPLIST_KEY_UISupportedInterfaceOrientations_iPad = "UIInterfaceOrientationPortrait UIInterfaceOrientationPortraitUpsideDown UIInterfaceOrientationLandscapeLeft UIInterfaceOrientationLandscapeRight";
				INFOPLIST_KEY_UISupportedInterfaceOrientations_iPhone = "UIInterfaceOrientationPortrait UIInterfaceOrientationLandscapeLeft UIInterfaceOrientationLandscapeRight";
				LD_RUNPATH_SEARCH_PATHS = (
					"$(inherited)",
					"@executable_path/Frameworks",
				);
				MARKETING_VERSION = 1.0;
				PRODUCT_BUNDLE_IDENTIFIER = lk.siva.TrendSpotter;
				PRODUCT_NAME = "$(TARGET_NAME)";
				SWIFT_EMIT_LOC_STRINGS = YES;
				SWIFT_VERSION = 5.0;
				TARGETED_DEVICE_FAMILY = "1,2";
			};
			name = Debug;
		};
		0ED157932BA54ABD00781B07 /* Release */ = {
			isa = XCBuildConfiguration;
			buildSettings = {
				ASSETCATALOG_COMPILER_APPICON_NAME = AppIcon;
				ASSETCATALOG_COMPILER_GLOBAL_ACCENT_COLOR_NAME = AccentColor;
				CODE_SIGN_STYLE = Automatic;
				CURRENT_PROJECT_VERSION = 1;
				DEVELOPMENT_ASSET_PATHS = "\"TrendSpotter/Preview Content\"";
				ENABLE_PREVIEWS = YES;
				GENERATE_INFOPLIST_FILE = YES;
				INFOPLIST_KEY_UIApplicationSceneManifest_Generation = YES;
				INFOPLIST_KEY_UIApplicationSupportsIndirectInputEvents = YES;
				INFOPLIST_KEY_UILaunchScreen_Generation = YES;
				INFOPLIST_KEY_UISupportedInterfaceOrientations_iPad = "UIInterfaceOrientationPortrait UIInterfaceOrientationPortraitUpsideDown UIInterfaceOrientationLandscapeLeft UIInterfaceOrientationLandscapeRight";
				INFOPLIST_KEY_UISupportedInterfaceOrientations_iPhone = "UIInterfaceOrientationPortrait UIInterfaceOrientationLandscapeLeft UIInterfaceOrientationLandscapeRight";
				LD_RUNPATH_SEARCH_PATHS = (
					"$(inherited)",
					"@executable_path/Frameworks",
				);
				MARKETING_VERSION = 1.0;
				PRODUCT_BUNDLE_IDENTIFIER = lk.siva.TrendSpotter;
				PRODUCT_NAME = "$(TARGET_NAME)";
				SWIFT_EMIT_LOC_STRINGS = YES;
				SWIFT_VERSION = 5.0;
				TARGETED_DEVICE_FAMILY = "1,2";
			};
			name = Release;
		};
/* End XCBuildConfiguration section */

/* Begin XCConfigurationList section */
		0ED1577E2BA54ABB00781B07 /* Build configuration list for PBXProject "TrendSpotter" */ = {
			isa = XCConfigurationList;
			buildConfigurations = (
				0ED1578F2BA54ABD00781B07 /* Debug */,
				0ED157902BA54ABD00781B07 /* Release */,
			);
			defaultConfigurationIsVisible = 0;
			defaultConfigurationName = Release;
		};
		0ED157912BA54ABD00781B07 /* Build configuration list for PBXNativeTarget "TrendSpotter" */ = {
			isa = XCConfigurationList;
			buildConfigurations = (
				0ED157922BA54ABD00781B07 /* Debug */,
				0ED157932BA54ABD00781B07 /* Release */,
			);
			defaultConfigurationIsVisible = 0;
			defaultConfigurationName = Release;
		};
/* End XCConfigurationList section */
	};
	rootObject = 0ED1577B2BA54ABB00781B07 /* Project object */;
}
